// !$*UTF8*$!
{
	archiveVersion = 1;
	classes = {
	};
	objectVersion = 50;
	objects = {

/* Begin PBXBuildFile section */
		2B5FE8E520D0CA2C006603CB /* AppDelegate.swift in Sources */ = {isa = PBXBuildFile; fileRef = 2B5FE8E420D0CA2C006603CB /* AppDelegate.swift */; };
		2B5FE8E720D0CA2C006603CB /* ViewController.swift in Sources */ = {isa = PBXBuildFile; fileRef = 2B5FE8E620D0CA2C006603CB /* ViewController.swift */; };
		2B5FE8EA20D0CA2C006603CB /* Main.storyboard in Resources */ = {isa = PBXBuildFile; fileRef = 2B5FE8E820D0CA2C006603CB /* Main.storyboard */; };
		2B5FE8EC20D0CA2F006603CB /* Assets.xcassets in Resources */ = {isa = PBXBuildFile; fileRef = 2B5FE8EB20D0CA2F006603CB /* Assets.xcassets */; };
		2B5FE8EF20D0CA2F006603CB /* LaunchScreen.storyboard in Resources */ = {isa = PBXBuildFile; fileRef = 2B5FE8ED20D0CA2F006603CB /* LaunchScreen.storyboard */; };
		2B5FE8FA20D0CA2F006603CB /* payTestTests.swift in Sources */ = {isa = PBXBuildFile; fileRef = 2B5FE8F920D0CA2F006603CB /* payTestTests.swift */; };
		2B5FE90520D0CA2F006603CB /* payTestUITests.swift in Sources */ = {isa = PBXBuildFile; fileRef = 2B5FE90420D0CA2F006603CB /* payTestUITests.swift */; };
		73AC8573ED89F5859B2C4790 /* Pods_payTest.framework in Frameworks */ = {isa = PBXBuildFile; fileRef = DDF5EF713348D676188F6E53 /* Pods_payTest.framework */; };
/* End PBXBuildFile section */

/* Begin PBXContainerItemProxy section */
		2B5FE8F620D0CA2F006603CB /* PBXContainerItemProxy */ = {
			isa = PBXContainerItemProxy;
			containerPortal = 2B5FE8D920D0CA2C006603CB /* Project object */;
			proxyType = 1;
			remoteGlobalIDString = 2B5FE8E020D0CA2C006603CB;
			remoteInfo = payTest;
		};
		2B5FE90120D0CA2F006603CB /* PBXContainerItemProxy */ = {
			isa = PBXContainerItemProxy;
			containerPortal = 2B5FE8D920D0CA2C006603CB /* Project object */;
			proxyType = 1;
			remoteGlobalIDString = 2B5FE8E020D0CA2C006603CB;
			remoteInfo = payTest;
		};
/* End PBXContainerItemProxy section */

/* Begin PBXFileReference section */
		2B5FE8E120D0CA2C006603CB /* payTest.app */ = {isa = PBXFileReference; explicitFileType = wrapper.application; includeInIndex = 0; path = payTest.app; sourceTree = BUILT_PRODUCTS_DIR; };
		2B5FE8E420D0CA2C006603CB /* AppDelegate.swift */ = {isa = PBXFileReference; lastKnownFileType = sourcecode.swift; path = AppDelegate.swift; sourceTree = "<group>"; };
		2B5FE8E620D0CA2C006603CB /* ViewController.swift */ = {isa = PBXFileReference; lastKnownFileType = sourcecode.swift; path = ViewController.swift; sourceTree = "<group>"; };
		2B5FE8E920D0CA2C006603CB /* Base */ = {isa = PBXFileReference; lastKnownFileType = file.storyboard; name = Base; path = Base.lproj/Main.storyboard; sourceTree = "<group>"; };
		2B5FE8EB20D0CA2F006603CB /* Assets.xcassets */ = {isa = PBXFileReference; lastKnownFileType = folder.assetcatalog; path = Assets.xcassets; sourceTree = "<group>"; };
		2B5FE8EE20D0CA2F006603CB /* Base */ = {isa = PBXFileReference; lastKnownFileType = file.storyboard; name = Base; path = Base.lproj/LaunchScreen.storyboard; sourceTree = "<group>"; };
		2B5FE8F020D0CA2F006603CB /* Info.plist */ = {isa = PBXFileReference; lastKnownFileType = text.plist.xml; path = Info.plist; sourceTree = "<group>"; };
		2B5FE8F520D0CA2F006603CB /* payTestTests.xctest */ = {isa = PBXFileReference; explicitFileType = wrapper.cfbundle; includeInIndex = 0; path = payTestTests.xctest; sourceTree = BUILT_PRODUCTS_DIR; };
		2B5FE8F920D0CA2F006603CB /* payTestTests.swift */ = {isa = PBXFileReference; lastKnownFileType = sourcecode.swift; path = payTestTests.swift; sourceTree = "<group>"; };
		2B5FE8FB20D0CA2F006603CB /* Info.plist */ = {isa = PBXFileReference; lastKnownFileType = text.plist.xml; path = Info.plist; sourceTree = "<group>"; };
		2B5FE90020D0CA2F006603CB /* payTestUITests.xctest */ = {isa = PBXFileReference; explicitFileType = wrapper.cfbundle; includeInIndex = 0; path = payTestUITests.xctest; sourceTree = BUILT_PRODUCTS_DIR; };
		2B5FE90420D0CA2F006603CB /* payTestUITests.swift */ = {isa = PBXFileReference; lastKnownFileType = sourcecode.swift; path = payTestUITests.swift; sourceTree = "<group>"; };
		2B5FE90620D0CA2F006603CB /* Info.plist */ = {isa = PBXFileReference; lastKnownFileType = text.plist.xml; path = Info.plist; sourceTree = "<group>"; };
		3E475037D6E17F82504C45D3 /* Pods-payTest.debug.xcconfig */ = {isa = PBXFileReference; includeInIndex = 1; lastKnownFileType = text.xcconfig; name = "Pods-payTest.debug.xcconfig"; path = "Pods/Target Support Files/Pods-payTest/Pods-payTest.debug.xcconfig"; sourceTree = "<group>"; };
		DDF5EF713348D676188F6E53 /* Pods_payTest.framework */ = {isa = PBXFileReference; explicitFileType = wrapper.framework; includeInIndex = 0; path = Pods_payTest.framework; sourceTree = BUILT_PRODUCTS_DIR; };
		E13169B2C6BBA132A69D5B44 /* Pods-payTest.release.xcconfig */ = {isa = PBXFileReference; includeInIndex = 1; lastKnownFileType = text.xcconfig; name = "Pods-payTest.release.xcconfig"; path = "Pods/Target Support Files/Pods-payTest/Pods-payTest.release.xcconfig"; sourceTree = "<group>"; };
/* End PBXFileReference section */

/* Begin PBXFrameworksBuildPhase section */
		2B5FE8DE20D0CA2C006603CB /* Frameworks */ = {
			isa = PBXFrameworksBuildPhase;
			buildActionMask = 2147483647;
			files = (
				73AC8573ED89F5859B2C4790 /* Pods_payTest.framework in Frameworks */,
			);
			runOnlyForDeploymentPostprocessing = 0;
		};
		2B5FE8F220D0CA2F006603CB /* Frameworks */ = {
			isa = PBXFrameworksBuildPhase;
			buildActionMask = 2147483647;
			files = (
			);
			runOnlyForDeploymentPostprocessing = 0;
		};
		2B5FE8FD20D0CA2F006603CB /* Frameworks */ = {
			isa = PBXFrameworksBuildPhase;
			buildActionMask = 2147483647;
			files = (
			);
			runOnlyForDeploymentPostprocessing = 0;
		};
/* End PBXFrameworksBuildPhase section */

/* Begin PBXGroup section */
		2B5FE8D820D0CA2C006603CB = {
			isa = PBXGroup;
			children = (
				2B5FE8E320D0CA2C006603CB /* payTest */,
				2B5FE8F820D0CA2F006603CB /* payTestTests */,
				2B5FE90320D0CA2F006603CB /* payTestUITests */,
				2B5FE8E220D0CA2C006603CB /* Products */,
				E1334E15F9D5EA39B4A0D05A /* Pods */,
				BFD57BE0326B538689A2A780 /* Frameworks */,
			);
			sourceTree = "<group>";
		};
		2B5FE8E220D0CA2C006603CB /* Products */ = {
			isa = PBXGroup;
			children = (
				2B5FE8E120D0CA2C006603CB /* payTest.app */,
				2B5FE8F520D0CA2F006603CB /* payTestTests.xctest */,
				2B5FE90020D0CA2F006603CB /* payTestUITests.xctest */,
			);
			name = Products;
			sourceTree = "<group>";
		};
		2B5FE8E320D0CA2C006603CB /* payTest */ = {
			isa = PBXGroup;
			children = (
				2B5FE8E420D0CA2C006603CB /* AppDelegate.swift */,
				2B5FE8E620D0CA2C006603CB /* ViewController.swift */,
				2B5FE8E820D0CA2C006603CB /* Main.storyboard */,
				2B5FE8EB20D0CA2F006603CB /* Assets.xcassets */,
				2B5FE8ED20D0CA2F006603CB /* LaunchScreen.storyboard */,
				2B5FE8F020D0CA2F006603CB /* Info.plist */,
			);
			path = payTest;
			sourceTree = "<group>";
		};
		2B5FE8F820D0CA2F006603CB /* payTestTests */ = {
			isa = PBXGroup;
			children = (
				2B5FE8F920D0CA2F006603CB /* payTestTests.swift */,
				2B5FE8FB20D0CA2F006603CB /* Info.plist */,
			);
			path = payTestTests;
			sourceTree = "<group>";
		};
		2B5FE90320D0CA2F006603CB /* payTestUITests */ = {
			isa = PBXGroup;
			children = (
				2B5FE90420D0CA2F006603CB /* payTestUITests.swift */,
				2B5FE90620D0CA2F006603CB /* Info.plist */,
			);
			path = payTestUITests;
			sourceTree = "<group>";
		};
		BFD57BE0326B538689A2A780 /* Frameworks */ = {
			isa = PBXGroup;
			children = (
				DDF5EF713348D676188F6E53 /* Pods_payTest.framework */,
			);
			name = Frameworks;
			sourceTree = "<group>";
		};
		E1334E15F9D5EA39B4A0D05A /* Pods */ = {
			isa = PBXGroup;
			children = (
				3E475037D6E17F82504C45D3 /* Pods-payTest.debug.xcconfig */,
				E13169B2C6BBA132A69D5B44 /* Pods-payTest.release.xcconfig */,
			);
			name = Pods;
			sourceTree = "<group>";
		};
/* End PBXGroup section */

/* Begin PBXNativeTarget section */
		2B5FE8E020D0CA2C006603CB /* payTest */ = {
			isa = PBXNativeTarget;
			buildConfigurationList = 2B5FE90920D0CA2F006603CB /* Build configuration list for PBXNativeTarget "payTest" */;
			buildPhases = (
				F8B131F7648ADD645A4B1469 /* [CP] Check Pods Manifest.lock */,
				2B5FE8DD20D0CA2C006603CB /* Sources */,
				2B5FE8DE20D0CA2C006603CB /* Frameworks */,
				2B5FE8DF20D0CA2C006603CB /* Resources */,
				BCC2B17785803CEC58C13ADB /* [CP] Embed Pods Frameworks */,
			);
			buildRules = (
			);
			dependencies = (
			);
			name = payTest;
			productName = payTest;
			productReference = 2B5FE8E120D0CA2C006603CB /* payTest.app */;
			productType = "com.apple.product-type.application";
		};
		2B5FE8F420D0CA2F006603CB /* payTestTests */ = {
			isa = PBXNativeTarget;
			buildConfigurationList = 2B5FE90C20D0CA2F006603CB /* Build configuration list for PBXNativeTarget "payTestTests" */;
			buildPhases = (
				2B5FE8F120D0CA2F006603CB /* Sources */,
				2B5FE8F220D0CA2F006603CB /* Frameworks */,
				2B5FE8F320D0CA2F006603CB /* Resources */,
			);
			buildRules = (
			);
			dependencies = (
				2B5FE8F720D0CA2F006603CB /* PBXTargetDependency */,
			);
			name = payTestTests;
			productName = payTestTests;
			productReference = 2B5FE8F520D0CA2F006603CB /* payTestTests.xctest */;
			productType = "com.apple.product-type.bundle.unit-test";
		};
		2B5FE8FF20D0CA2F006603CB /* payTestUITests */ = {
			isa = PBXNativeTarget;
			buildConfigurationList = 2B5FE90F20D0CA2F006603CB /* Build configuration list for PBXNativeTarget "payTestUITests" */;
			buildPhases = (
				2B5FE8FC20D0CA2F006603CB /* Sources */,
				2B5FE8FD20D0CA2F006603CB /* Frameworks */,
				2B5FE8FE20D0CA2F006603CB /* Resources */,
			);
			buildRules = (
			);
			dependencies = (
				2B5FE90220D0CA2F006603CB /* PBXTargetDependency */,
			);
			name = payTestUITests;
			productName = payTestUITests;
			productReference = 2B5FE90020D0CA2F006603CB /* payTestUITests.xctest */;
			productType = "com.apple.product-type.bundle.ui-testing";
		};
/* End PBXNativeTarget section */

/* Begin PBXProject section */
		2B5FE8D920D0CA2C006603CB /* Project object */ = {
			isa = PBXProject;
			attributes = {
				LastSwiftUpdateCheck = 0940;
				LastUpgradeCheck = 0940;
				ORGANIZATIONNAME = com.terryyamg;
				TargetAttributes = {
					2B5FE8E020D0CA2C006603CB = {
						CreatedOnToolsVersion = 9.4;
					};
					2B5FE8F420D0CA2F006603CB = {
						CreatedOnToolsVersion = 9.4;
						TestTargetID = 2B5FE8E020D0CA2C006603CB;
					};
					2B5FE8FF20D0CA2F006603CB = {
						CreatedOnToolsVersion = 9.4;
						TestTargetID = 2B5FE8E020D0CA2C006603CB;
					};
				};
			};
			buildConfigurationList = 2B5FE8DC20D0CA2C006603CB /* Build configuration list for PBXProject "payTest" */;
			compatibilityVersion = "Xcode 9.3";
			developmentRegion = en;
			hasScannedForEncodings = 0;
			knownRegions = (
				en,
				Base,
			);
			mainGroup = 2B5FE8D820D0CA2C006603CB;
			productRefGroup = 2B5FE8E220D0CA2C006603CB /* Products */;
			projectDirPath = "";
			projectRoot = "";
			targets = (
				2B5FE8E020D0CA2C006603CB /* payTest */,
				2B5FE8F420D0CA2F006603CB /* payTestTests */,
				2B5FE8FF20D0CA2F006603CB /* payTestUITests */,
			);
		};
/* End PBXProject section */

/* Begin PBXResourcesBuildPhase section */
		2B5FE8DF20D0CA2C006603CB /* Resources */ = {
			isa = PBXResourcesBuildPhase;
			buildActionMask = 2147483647;
			files = (
				2B5FE8EF20D0CA2F006603CB /* LaunchScreen.storyboard in Resources */,
				2B5FE8EC20D0CA2F006603CB /* Assets.xcassets in Resources */,
				2B5FE8EA20D0CA2C006603CB /* Main.storyboard in Resources */,
			);
			runOnlyForDeploymentPostprocessing = 0;
		};
		2B5FE8F320D0CA2F006603CB /* Resources */ = {
			isa = PBXResourcesBuildPhase;
			buildActionMask = 2147483647;
			files = (
			);
			runOnlyForDeploymentPostprocessing = 0;
		};
		2B5FE8FE20D0CA2F006603CB /* Resources */ = {
			isa = PBXResourcesBuildPhase;
			buildActionMask = 2147483647;
			files = (
			);
			runOnlyForDeploymentPostprocessing = 0;
		};
/* End PBXResourcesBuildPhase section */

/* Begin PBXShellScriptBuildPhase section */
		BCC2B17785803CEC58C13ADB /* [CP] Embed Pods Frameworks */ = {
			isa = PBXShellScriptBuildPhase;
			buildActionMask = 2147483647;
			files = (
			);
			inputPaths = (
				"${SRCROOT}/Pods/Target Support Files/Pods-payTest/Pods-payTest-frameworks.sh",
				"${BUILT_PRODUCTS_DIR}/Braintree/Braintree.framework",
				"${BUILT_PRODUCTS_DIR}/BraintreeDropIn/BraintreeDropIn.framework",
			);
			name = "[CP] Embed Pods Frameworks";
			outputPaths = (
				"${TARGET_BUILD_DIR}/${FRAMEWORKS_FOLDER_PATH}/Braintree.framework",
				"${TARGET_BUILD_DIR}/${FRAMEWORKS_FOLDER_PATH}/BraintreeDropIn.framework",
			);
			runOnlyForDeploymentPostprocessing = 0;
			shellPath = /bin/sh;
			shellScript = "\"${SRCROOT}/Pods/Target Support Files/Pods-payTest/Pods-payTest-frameworks.sh\"\n";
			showEnvVarsInLog = 0;
		};
		F8B131F7648ADD645A4B1469 /* [CP] Check Pods Manifest.lock */ = {
			isa = PBXShellScriptBuildPhase;
			buildActionMask = 2147483647;
			files = (
			);
			inputPaths = (
				"${PODS_PODFILE_DIR_PATH}/Podfile.lock",
				"${PODS_ROOT}/Manifest.lock",
			);
			name = "[CP] Check Pods Manifest.lock";
			outputPaths = (
				"$(DERIVED_FILE_DIR)/Pods-payTest-checkManifestLockResult.txt",
			);
			runOnlyForDeploymentPostprocessing = 0;
			shellPath = /bin/sh;
			shellScript = "diff \"${PODS_PODFILE_DIR_PATH}/Podfile.lock\" \"${PODS_ROOT}/Manifest.lock\" > /dev/null\nif [ $? != 0 ] ; then\n    # print error to STDERR\n    echo \"error: The sandbox is not in sync with the Podfile.lock. Run 'pod install' or update your CocoaPods installation.\" >&2\n    exit 1\nfi\n# This output is used by Xcode 'outputs' to avoid re-running this script phase.\necho \"SUCCESS\" > \"${SCRIPT_OUTPUT_FILE_0}\"\n";
			showEnvVarsInLog = 0;
		};
/* End PBXShellScriptBuildPhase section */

/* Begin PBXSourcesBuildPhase section */
		2B5FE8DD20D0CA2C006603CB /* Sources */ = {
			isa = PBXSourcesBuildPhase;
			buildActionMask = 2147483647;
			files = (
				2B5FE8E720D0CA2C006603CB /* ViewController.swift in Sources */,
				2B5FE8E520D0CA2C006603CB /* AppDelegate.swift in Sources */,
			);
			runOnlyForDeploymentPostprocessing = 0;
		};
		2B5FE8F120D0CA2F006603CB /* Sources */ = {
			isa = PBXSourcesBuildPhase;
			buildActionMask = 2147483647;
			files = (
				2B5FE8FA20D0CA2F006603CB /* payTestTests.swift in Sources */,
			);
			runOnlyForDeploymentPostprocessing = 0;
		};
		2B5FE8FC20D0CA2F006603CB /* Sources */ = {
			isa = PBXSourcesBuildPhase;
			buildActionMask = 2147483647;
			files = (
				2B5FE90520D0CA2F006603CB /* payTestUITests.swift in Sources */,
			);
			runOnlyForDeploymentPostprocessing = 0;
		};
/* End PBXSourcesBuildPhase section */

/* Begin PBXTargetDependency section */
		2B5FE8F720D0CA2F006603CB /* PBXTargetDependency */ = {
			isa = PBXTargetDependency;
			target = 2B5FE8E020D0CA2C006603CB /* payTest */;
			targetProxy = 2B5FE8F620D0CA2F006603CB /* PBXContainerItemProxy */;
		};
		2B5FE90220D0CA2F006603CB /* PBXTargetDependency */ = {
			isa = PBXTargetDependency;
			target = 2B5FE8E020D0CA2C006603CB /* payTest */;
			targetProxy = 2B5FE90120D0CA2F006603CB /* PBXContainerItemProxy */;
		};
/* End PBXTargetDependency section */

/* Begin PBXVariantGroup section */
		2B5FE8E820D0CA2C006603CB /* Main.storyboard */ = {
			isa = PBXVariantGroup;
			children = (
				2B5FE8E920D0CA2C006603CB /* Base */,
			);
			name = Main.storyboard;
			sourceTree = "<group>";
		};
		2B5FE8ED20D0CA2F006603CB /* LaunchScreen.storyboard */ = {
			isa = PBXVariantGroup;
			children = (
				2B5FE8EE20D0CA2F006603CB /* Base */,
			);
			name = LaunchScreen.storyboard;
			sourceTree = "<group>";
		};
/* End PBXVariantGroup section */

/* Begin XCBuildConfiguration section */
		2B5FE90720D0CA2F006603CB /* Debug */ = {
			isa = XCBuildConfiguration;
			buildSettings = {
				ALWAYS_SEARCH_USER_PATHS = NO;
				CLANG_ANALYZER_NONNULL = YES;
				CLANG_ANALYZER_NUMBER_OBJECT_CONVERSION = YES_AGGRESSIVE;
				CLANG_CXX_LANGUAGE_STANDARD = "gnu++14";
				CLANG_CXX_LIBRARY = "libc++";
				CLANG_ENABLE_MODULES = YES;
				CLANG_ENABLE_OBJC_ARC = YES;
				CLANG_ENABLE_OBJC_WEAK = YES;
				CLANG_WARN_BLOCK_CAPTURE_AUTORELEASING = YES;
				CLANG_WARN_BOOL_CONVERSION = YES;
				CLANG_WARN_COMMA = YES;
				CLANG_WARN_CONSTANT_CONVERSION = YES;
				CLANG_WARN_DEPRECATED_OBJC_IMPLEMENTATIONS = YES;
				CLANG_WARN_DIRECT_OBJC_ISA_USAGE = YES_ERROR;
				CLANG_WARN_DOCUMENTATION_COMMENTS = YES;
				CLANG_WARN_EMPTY_BODY = YES;
				CLANG_WARN_ENUM_CONVERSION = YES;
				CLANG_WARN_INFINITE_RECURSION = YES;
				CLANG_WARN_INT_CONVERSION = YES;
				CLANG_WARN_NON_LITERAL_NULL_CONVERSION = YES;
				CLANG_WARN_OBJC_IMPLICIT_RETAIN_SELF = YES;
				CLANG_WARN_OBJC_LITERAL_CONVERSION = YES;
				CLANG_WARN_OBJC_ROOT_CLASS = YES_ERROR;
				CLANG_WARN_RANGE_LOOP_ANALYSIS = YES;
				CLANG_WARN_STRICT_PROTOTYPES = YES;
				CLANG_WARN_SUSPICIOUS_MOVE = YES;
				CLANG_WARN_UNGUARDED_AVAILABILITY = YES_AGGRESSIVE;
				CLANG_WARN_UNREACHABLE_CODE = YES;
				CLANG_WARN__DUPLICATE_METHOD_MATCH = YES;
				CODE_SIGN_IDENTITY = "iPhone Developer";
				COPY_PHASE_STRIP = NO;
				DEBUG_INFORMATION_FORMAT = dwarf;
				ENABLE_STRICT_OBJC_MSGSEND = YES;
				ENABLE_TESTABILITY = YES;
				GCC_C_LANGUAGE_STANDARD = gnu11;
				GCC_DYNAMIC_NO_PIC = NO;
				GCC_NO_COMMON_BLOCKS = YES;
				GCC_OPTIMIZATION_LEVEL = 0;
				GCC_PREPROCESSOR_DEFINITIONS = (
					"DEBUG=1",
					"$(inherited)",
				);
				GCC_WARN_64_TO_32_BIT_CONVERSION = YES;
				GCC_WARN_ABOUT_RETURN_TYPE = YES_ERROR;
				GCC_WARN_UNDECLARED_SELECTOR = YES;
				GCC_WARN_UNINITIALIZED_AUTOS = YES_AGGRESSIVE;
				GCC_WARN_UNUSED_FUNCTION = YES;
				GCC_WARN_UNUSED_VARIABLE = YES;
				IPHONEOS_DEPLOYMENT_TARGET = 11.4;
				MTL_ENABLE_DEBUG_INFO = YES;
				ONLY_ACTIVE_ARCH = YES;
				SDKROOT = iphoneos;
				SWIFT_ACTIVE_COMPILATION_CONDITIONS = DEBUG;
				SWIFT_OPTIMIZATION_LEVEL = "-Onone";
			};
			name = Debug;
		};
		2B5FE90820D0CA2F006603CB /* Release */ = {
			isa = XCBuildConfiguration;
			buildSettings = {
				ALWAYS_SEARCH_USER_PATHS = NO;
				CLANG_ANALYZER_NONNULL = YES;
				CLANG_ANALYZER_NUMBER_OBJECT_CONVERSION = YES_AGGRESSIVE;
				CLANG_CXX_LANGUAGE_STANDARD = "gnu++14";
				CLANG_CXX_LIBRARY = "libc++";
				CLANG_ENABLE_MODULES = YES;
				CLANG_ENABLE_OBJC_ARC = YES;
				CLANG_ENABLE_OBJC_WEAK = YES;
				CLANG_WARN_BLOCK_CAPTURE_AUTORELEASING = YES;
				CLANG_WARN_BOOL_CONVERSION = YES;
				CLANG_WARN_COMMA = YES;
				CLANG_WARN_CONSTANT_CONVERSION = YES;
				CLANG_WARN_DEPRECATED_OBJC_IMPLEMENTATIONS = YES;
				CLANG_WARN_DIRECT_OBJC_ISA_USAGE = YES_ERROR;
				CLANG_WARN_DOCUMENTATION_COMMENTS = YES;
				CLANG_WARN_EMPTY_BODY = YES;
				CLANG_WARN_ENUM_CONVERSION = YES;
				CLANG_WARN_INFINITE_RECURSION = YES;
				CLANG_WARN_INT_CONVERSION = YES;
				CLANG_WARN_NON_LITERAL_NULL_CONVERSION = YES;
				CLANG_WARN_OBJC_IMPLICIT_RETAIN_SELF = YES;
				CLANG_WARN_OBJC_LITERAL_CONVERSION = YES;
				CLANG_WARN_OBJC_ROOT_CLASS = YES_ERROR;
				CLANG_WARN_RANGE_LOOP_ANALYSIS = YES;
				CLANG_WARN_STRICT_PROTOTYPES = YES;
				CLANG_WARN_SUSPICIOUS_MOVE = YES;
				CLANG_WARN_UNGUARDED_AVAILABILITY = YES_AGGRESSIVE;
				CLANG_WARN_UNREACHABLE_CODE = YES;
				CLANG_WARN__DUPLICATE_METHOD_MATCH = YES;
				CODE_SIGN_IDENTITY = "iPhone Developer";
				COPY_PHASE_STRIP = NO;
				DEBUG_INFORMATION_FORMAT = "dwarf-with-dsym";
				ENABLE_NS_ASSERTIONS = NO;
				ENABLE_STRICT_OBJC_MSGSEND = YES;
				GCC_C_LANGUAGE_STANDARD = gnu11;
				GCC_NO_COMMON_BLOCKS = YES;
				GCC_WARN_64_TO_32_BIT_CONVERSION = YES;
				GCC_WARN_ABOUT_RETURN_TYPE = YES_ERROR;
				GCC_WARN_UNDECLARED_SELECTOR = YES;
				GCC_WARN_UNINITIALIZED_AUTOS = YES_AGGRESSIVE;
				GCC_WARN_UNUSED_FUNCTION = YES;
				GCC_WARN_UNUSED_VARIABLE = YES;
				IPHONEOS_DEPLOYMENT_TARGET = 11.4;
				MTL_ENABLE_DEBUG_INFO = NO;
				SDKROOT = iphoneos;
				SWIFT_COMPILATION_MODE = wholemodule;
				SWIFT_OPTIMIZATION_LEVEL = "-O";
				VALIDATE_PRODUCT = YES;
			};
			name = Release;
		};
		2B5FE90A20D0CA2F006603CB /* Debug */ = {
			isa = XCBuildConfiguration;
			baseConfigurationReference = 3E475037D6E17F82504C45D3 /* Pods-payTest.debug.xcconfig */;
			buildSettings = {
				ASSETCATALOG_COMPILER_APPICON_NAME = AppIcon;
				CODE_SIGN_STYLE = Automatic;
				DEVELOPMENT_TEAM = 22WV979VRD;
				INFOPLIST_FILE = payTest/Info.plist;
				LD_RUNPATH_SEARCH_PATHS = (
					"$(inherited)",
					"@executable_path/Frameworks",
				);
				PRODUCT_BUNDLE_IDENTIFIER = com.terryyamg.payTest;
				PRODUCT_NAME = "$(TARGET_NAME)";
				SWIFT_VERSION = 4.0;
				TARGETED_DEVICE_FAMILY = "1,2";
			};
			name = Debug;
		};
		2B5FE90B20D0CA2F006603CB /* Release */ = {
			isa = XCBuildConfiguration;
			baseConfigurationReference = E13169B2C6BBA132A69D5B44 /* Pods-payTest.release.xcconfig */;
			buildSettings = {
				ASSETCATALOG_COMPILER_APPICON_NAME = AppIcon;
				CODE_SIGN_STYLE = Automatic;
				DEVELOPMENT_TEAM = 22WV979VRD;
				INFOPLIST_FILE = payTest/Info.plist;
				LD_RUNPATH_SEARCH_PATHS = (
					"$(inherited)",
					"@executable_path/Frameworks",
				);
				PRODUCT_BUNDLE_IDENTIFIER = com.terryyamg.payTest;
				PRODUCT_NAME = "$(TARGET_NAME)";
				SWIFT_VERSION = 4.0;
				TARGETED_DEVICE_FAMILY = "1,2";
			};
			name = Release;
		};
		2B5FE90D20D0CA2F006603CB /* Debug */ = {
			isa = XCBuildConfiguration;
			buildSettings = {
				ALWAYS_EMBED_SWIFT_STANDARD_LIBRARIES = YES;
				BUNDLE_LOADER = "$(TEST_HOST)";
				CODE_SIGN_STYLE = Automatic;
				DEVELOPMENT_TEAM = 22WV979VRD;
				INFOPLIST_FILE = payTestTests/Info.plist;
				LD_RUNPATH_SEARCH_PATHS = (
					"$(inherited)",
					"@executable_path/Frameworks",
					"@loader_path/Frameworks",
				);
				PRODUCT_BUNDLE_IDENTIFIER = com.terryyamg.payTestTests;
				PRODUCT_NAME = "$(TARGET_NAME)";
				SWIFT_VERSION = 4.0;
				TARGETED_DEVICE_FAMILY = "1,2";
				TEST_HOST = "$(BUILT_PRODUCTS_DIR)/payTest.app/payTest";
			};
			name = Debug;
		};
		2B5FE90E20D0CA2F006603CB /* Release */ = {
			isa = XCBuildConfiguration;
			buildSettings = {
				ALWAYS_EMBED_SWIFT_STANDARD_LIBRARIES = YES;
				BUNDLE_LOADER = "$(TEST_HOST)";
				CODE_SIGN_STYLE = Automatic;
				DEVELOPMENT_TEAM = 22WV979VRD;
				INFOPLIST_FILE = payTestTests/Info.plist;
				LD_RUNPATH_SEARCH_PATHS = (
					"$(inherited)",
					"@executable_path/Frameworks",
					"@loader_path/Frameworks",
				);
				PRODUCT_BUNDLE_IDENTIFIER = com.terryyamg.payTestTests;
				PRODUCT_NAME = "$(TARGET_NAME)";
				SWIFT_VERSION = 4.0;
				TARGETED_DEVICE_FAMILY = "1,2";
				TEST_HOST = "$(BUILT_PRODUCTS_DIR)/payTest.app/payTest";
			};
			name = Release;
		};
		2B5FE91020D0CA2F006603CB /* Debug */ = {
			isa = XCBuildConfiguration;
			buildSettings = {
				ALWAYS_EMBED_SWIFT_STANDARD_LIBRARIES = YES;
				CODE_SIGN_STYLE = Automatic;
				DEVELOPMENT_TEAM = 22WV979VRD;
				INFOPLIST_FILE = payTestUITests/Info.plist;
				LD_RUNPATH_SEARCH_PATHS = (
					"$(inherited)",
					"@executable_path/Frameworks",
					"@loader_path/Frameworks",
				);
				PRODUCT_BUNDLE_IDENTIFIER = com.terryyamg.payTestUITests;
				PRODUCT_NAME = "$(TARGET_NAME)";
				SWIFT_VERSION = 4.0;
				TARGETED_DEVICE_FAMILY = "1,2";
				TEST_TARGET_NAME = payTest;
			};
			name = Debug;
		};
		2B5FE91120D0CA2F006603CB /* Release */ = {
			isa = XCBuildConfiguration;
			buildSettings = {
				ALWAYS_EMBED_SWIFT_STANDARD_LIBRARIES = YES;
				CODE_SIGN_STYLE = Automatic;
				DEVELOPMENT_TEAM = 22WV979VRD;
				INFOPLIST_FILE = payTestUITests/Info.plist;
				LD_RUNPATH_SEARCH_PATHS = (
					"$(inherited)",
					"@executable_path/Frameworks",
					"@loader_path/Frameworks",
				);
				PRODUCT_BUNDLE_IDENTIFIER = com.terryyamg.payTestUITests;
				PRODUCT_NAME = "$(TARGET_NAME)";
				SWIFT_VERSION = 4.0;
				TARGETED_DEVICE_FAMILY = "1,2";
				TEST_TARGET_NAME = payTest;
			};
			name = Release;
		};
/* End XCBuildConfiguration section */

/* Begin XCConfigurationList section */
		2B5FE8DC20D0CA2C006603CB /* Build configuration list for PBXProject "payTest" */ = {
			isa = XCConfigurationList;
			buildConfigurations = (
				2B5FE90720D0CA2F006603CB /* Debug */,
				2B5FE90820D0CA2F006603CB /* Release */,
			);
			defaultConfigurationIsVisible = 0;
			defaultConfigurationName = Release;
		};
		2B5FE90920D0CA2F006603CB /* Build configuration list for PBXNativeTarget "payTest" */ = {
			isa = XCConfigurationList;
			buildConfigurations = (
				2B5FE90A20D0CA2F006603CB /* Debug */,
				2B5FE90B20D0CA2F006603CB /* Release */,
			);
			defaultConfigurationIsVisible = 0;
			defaultConfigurationName = Release;
		};
		2B5FE90C20D0CA2F006603CB /* Build configuration list for PBXNativeTarget "payTestTests" */ = {
			isa = XCConfigurationList;
			buildConfigurations = (
				2B5FE90D20D0CA2F006603CB /* Debug */,
				2B5FE90E20D0CA2F006603CB /* Release */,
			);
			defaultConfigurationIsVisible = 0;
			defaultConfigurationName = Release;
		};
		2B5FE90F20D0CA2F006603CB /* Build configuration list for PBXNativeTarget "payTestUITests" */ = {
			isa = XCConfigurationList;
			buildConfigurations = (
				2B5FE91020D0CA2F006603CB /* Debug */,
				2B5FE91120D0CA2F006603CB /* Release */,
			);
			defaultConfigurationIsVisible = 0;
			defaultConfigurationName = Release;
		};
/* End XCConfigurationList section */
	};
	rootObject = 2B5FE8D920D0CA2C006603CB /* Project object */;
}
